// !$*UTF8*$!
{
	archiveVersion = 1;
	classes = {
	};
	objectVersion = 48;
	objects = {

/* Begin PBXBuildFile section */
		EF044F821EE6A9770000E077 /* AppDelegate.swift in Sources */ = {isa = PBXBuildFile; fileRef = EF044F811EE6A9770000E077 /* AppDelegate.swift */; };
		EF044F841EE6A9770000E077 /* ViewController.swift in Sources */ = {isa = PBXBuildFile; fileRef = EF044F831EE6A9770000E077 /* ViewController.swift */; };
		EF044F871EE6A9770000E077 /* Main.storyboard in Resources */ = {isa = PBXBuildFile; fileRef = EF044F851EE6A9770000E077 /* Main.storyboard */; };
		EF044F891EE6A9770000E077 /* Assets.xcassets in Resources */ = {isa = PBXBuildFile; fileRef = EF044F881EE6A9770000E077 /* Assets.xcassets */; };
		EF044F8C1EE6A9770000E077 /* LaunchScreen.storyboard in Resources */ = {isa = PBXBuildFile; fileRef = EF044F8A1EE6A9770000E077 /* LaunchScreen.storyboard */; };
		EF044F971EE6A9770000E077 /* My_First_AppTests.swift in Sources */ = {isa = PBXBuildFile; fileRef = EF044F961EE6A9770000E077 /* My_First_AppTests.swift */; };
		EF044FA21EE6A9770000E077 /* My_First_AppUITests.swift in Sources */ = {isa = PBXBuildFile; fileRef = EF044FA11EE6A9770000E077 /* My_First_AppUITests.swift */; };
/* End PBXBuildFile section */

/* Begin PBXContainerItemProxy section */
		EF044F931EE6A9770000E077 /* PBXContainerItemProxy */ = {
			isa = PBXContainerItemProxy;
			containerPortal = EF044F761EE6A9770000E077 /* Project object */;
			proxyType = 1;
			remoteGlobalIDString = EF044F7D1EE6A9770000E077;
			remoteInfo = "My First App";
		};
		EF044F9E1EE6A9770000E077 /* PBXContainerItemProxy */ = {
			isa = PBXContainerItemProxy;
			containerPortal = EF044F761EE6A9770000E077 /* Project object */;
			proxyType = 1;
			remoteGlobalIDString = EF044F7D1EE6A9770000E077;
			remoteInfo = "My First App";
		};
/* End PBXContainerItemProxy section */

/* Begin PBXFileReference section */
		EF044F7E1EE6A9770000E077 /* My First App.app */ = {isa = PBXFileReference; explicitFileType = wrapper.application; includeInIndex = 0; path = "My First App.app"; sourceTree = BUILT_PRODUCTS_DIR; };
		EF044F811EE6A9770000E077 /* AppDelegate.swift */ = {isa = PBXFileReference; lastKnownFileType = sourcecode.swift; path = AppDelegate.swift; sourceTree = "<group>"; };
		EF044F831EE6A9770000E077 /* ViewController.swift */ = {isa = PBXFileReference; lastKnownFileType = sourcecode.swift; path = ViewController.swift; sourceTree = "<group>"; };
		EF044F861EE6A9770000E077 /* Base */ = {isa = PBXFileReference; lastKnownFileType = file.storyboard; name = Base; path = Base.lproj/Main.storyboard; sourceTree = "<group>"; };
		EF044F881EE6A9770000E077 /* Assets.xcassets */ = {isa = PBXFileReference; lastKnownFileType = folder.assetcatalog; path = Assets.xcassets; sourceTree = "<group>"; };
		EF044F8B1EE6A9770000E077 /* Base */ = {isa = PBXFileReference; lastKnownFileType = file.storyboard; name = Base; path = Base.lproj/LaunchScreen.storyboard; sourceTree = "<group>"; };
		EF044F8D1EE6A9770000E077 /* Info.plist */ = {isa = PBXFileReference; lastKnownFileType = text.plist.xml; path = Info.plist; sourceTree = "<group>"; };
		EF044F921EE6A9770000E077 /* My First AppTests.xctest */ = {isa = PBXFileReference; explicitFileType = wrapper.cfbundle; includeInIndex = 0; path = "My First AppTests.xctest"; sourceTree = BUILT_PRODUCTS_DIR; };
		EF044F961EE6A9770000E077 /* My_First_AppTests.swift */ = {isa = PBXFileReference; lastKnownFileType = sourcecode.swift; path = My_First_AppTests.swift; sourceTree = "<group>"; };
		EF044F981EE6A9770000E077 /* Info.plist */ = {isa = PBXFileReference; lastKnownFileType = text.plist.xml; path = Info.plist; sourceTree = "<group>"; };
		EF044F9D1EE6A9770000E077 /* My First AppUITests.xctest */ = {isa = PBXFileReference; explicitFileType = wrapper.cfbundle; includeInIndex = 0; path = "My First AppUITests.xctest"; sourceTree = BUILT_PRODUCTS_DIR; };
		EF044FA11EE6A9770000E077 /* My_First_AppUITests.swift */ = {isa = PBXFileReference; lastKnownFileType = sourcecode.swift; path = My_First_AppUITests.swift; sourceTree = "<group>"; };
		EF044FA31EE6A9770000E077 /* Info.plist */ = {isa = PBXFileReference; lastKnownFileType = text.plist.xml; path = Info.plist; sourceTree = "<group>"; };
/* End PBXFileReference section */

/* Begin PBXFrameworksBuildPhase section */
		EF044F7B1EE6A9770000E077 /* Frameworks */ = {
			isa = PBXFrameworksBuildPhase;
			buildActionMask = 2147483647;
			files = (
			);
			runOnlyForDeploymentPostprocessing = 0;
		};
		EF044F8F1EE6A9770000E077 /* Frameworks */ = {
			isa = PBXFrameworksBuildPhase;
			buildActionMask = 2147483647;
			files = (
			);
			runOnlyForDeploymentPostprocessing = 0;
		};
		EF044F9A1EE6A9770000E077 /* Frameworks */ = {
			isa = PBXFrameworksBuildPhase;
			buildActionMask = 2147483647;
			files = (
			);
			runOnlyForDeploymentPostprocessing = 0;
		};
/* End PBXFrameworksBuildPhase section */

/* Begin PBXGroup section */
		EF044F751EE6A9770000E077 = {
			isa = PBXGroup;
			children = (
				EF044F801EE6A9770000E077 /* My First App */,
				EF044F951EE6A9770000E077 /* My First AppTests */,
				EF044FA01EE6A9770000E077 /* My First AppUITests */,
				EF044F7F1EE6A9770000E077 /* Products */,
			);
			sourceTree = "<group>";
		};
		EF044F7F1EE6A9770000E077 /* Products */ = {
			isa = PBXGroup;
			children = (
				EF044F7E1EE6A9770000E077 /* My First App.app */,
				EF044F921EE6A9770000E077 /* My First AppTests.xctest */,
				EF044F9D1EE6A9770000E077 /* My First AppUITests.xctest */,
			);
			name = Products;
			sourceTree = "<group>";
		};
		EF044F801EE6A9770000E077 /* My First App */ = {
			isa = PBXGroup;
			children = (
				EF044F811EE6A9770000E077 /* AppDelegate.swift */,
				EF044F831EE6A9770000E077 /* ViewController.swift */,
				EF044F851EE6A9770000E077 /* Main.storyboard */,
				EF044F881EE6A9770000E077 /* Assets.xcassets */,
				EF044F8A1EE6A9770000E077 /* LaunchScreen.storyboard */,
				EF044F8D1EE6A9770000E077 /* Info.plist */,
			);
			path = "My First App";
			sourceTree = "<group>";
		};
		EF044F951EE6A9770000E077 /* My First AppTests */ = {
			isa = PBXGroup;
			children = (
				EF044F961EE6A9770000E077 /* My_First_AppTests.swift */,
				EF044F981EE6A9770000E077 /* Info.plist */,
			);
			path = "My First AppTests";
			sourceTree = "<group>";
		};
		EF044FA01EE6A9770000E077 /* My First AppUITests */ = {
			isa = PBXGroup;
			children = (
				EF044FA11EE6A9770000E077 /* My_First_AppUITests.swift */,
				EF044FA31EE6A9770000E077 /* Info.plist */,
			);
			path = "My First AppUITests";
			sourceTree = "<group>";
		};
/* End PBXGroup section */

/* Begin PBXNativeTarget section */
		EF044F7D1EE6A9770000E077 /* My First App */ = {
			isa = PBXNativeTarget;
			buildConfigurationList = EF044FA61EE6A9770000E077 /* Build configuration list for PBXNativeTarget "My First App" */;
			buildPhases = (
				EF044F7A1EE6A9770000E077 /* Sources */,
				EF044F7B1EE6A9770000E077 /* Frameworks */,
				EF044F7C1EE6A9770000E077 /* Resources */,
			);
			buildRules = (
			);
			dependencies = (
			);
			name = "My First App";
			productName = "My First App";
			productReference = EF044F7E1EE6A9770000E077 /* My First App.app */;
			productType = "com.apple.product-type.application";
		};
		EF044F911EE6A9770000E077 /* My First AppTests */ = {
			isa = PBXNativeTarget;
			buildConfigurationList = EF044FA91EE6A9770000E077 /* Build configuration list for PBXNativeTarget "My First AppTests" */;
			buildPhases = (
				EF044F8E1EE6A9770000E077 /* Sources */,
				EF044F8F1EE6A9770000E077 /* Frameworks */,
				EF044F901EE6A9770000E077 /* Resources */,
			);
			buildRules = (
			);
			dependencies = (
				EF044F941EE6A9770000E077 /* PBXTargetDependency */,
			);
			name = "My First AppTests";
			productName = "My First AppTests";
			productReference = EF044F921EE6A9770000E077 /* My First AppTests.xctest */;
			productType = "com.apple.product-type.bundle.unit-test";
		};
		EF044F9C1EE6A9770000E077 /* My First AppUITests */ = {
			isa = PBXNativeTarget;
			buildConfigurationList = EF044FAC1EE6A9770000E077 /* Build configuration list for PBXNativeTarget "My First AppUITests" */;
			buildPhases = (
				EF044F991EE6A9770000E077 /* Sources */,
				EF044F9A1EE6A9770000E077 /* Frameworks */,
				EF044F9B1EE6A9770000E077 /* Resources */,
			);
			buildRules = (
			);
			dependencies = (
				EF044F9F1EE6A9770000E077 /* PBXTargetDependency */,
			);
			name = "My First AppUITests";
			productName = "My First AppUITests";
			productReference = EF044F9D1EE6A9770000E077 /* My First AppUITests.xctest */;
			productType = "com.apple.product-type.bundle.ui-testing";
		};
/* End PBXNativeTarget section */

/* Begin PBXProject section */
		EF044F761EE6A9770000E077 /* Project object */ = {
			isa = PBXProject;
			attributes = {
				LastSwiftUpdateCheck = 0900;
				LastUpgradeCheck = 0900;
				ORGANIZATIONNAME = "Robert Percival";
				TargetAttributes = {
					EF044F7D1EE6A9770000E077 = {
						CreatedOnToolsVersion = 9.0;
					};
					EF044F911EE6A9770000E077 = {
						CreatedOnToolsVersion = 9.0;
						TestTargetID = EF044F7D1EE6A9770000E077;
					};
					EF044F9C1EE6A9770000E077 = {
						CreatedOnToolsVersion = 9.0;
						TestTargetID = EF044F7D1EE6A9770000E077;
					};
				};
			};
			buildConfigurationList = EF044F791EE6A9770000E077 /* Build configuration list for PBXProject "My First App" */;
			compatibilityVersion = "Xcode 8.0";
			developmentRegion = en;
			hasScannedForEncodings = 0;
			knownRegions = (
				en,
				Base,
			);
			mainGroup = EF044F751EE6A9770000E077;
			productRefGroup = EF044F7F1EE6A9770000E077 /* Products */;
			projectDirPath = "";
			projectRoot = "";
			targets = (
				EF044F7D1EE6A9770000E077 /* My First App */,
				EF044F911EE6A9770000E077 /* My First AppTests */,
				EF044F9C1EE6A9770000E077 /* My First AppUITests */,
			);
		};
/* End PBXProject section */

/* Begin PBXResourcesBuildPhase section */
		EF044F7C1EE6A9770000E077 /* Resources */ = {
			isa = PBXResourcesBuildPhase;
			buildActionMask = 2147483647;
			files = (
				EF044F8C1EE6A9770000E077 /* LaunchScreen.storyboard in Resources */,
				EF044F891EE6A9770000E077 /* Assets.xcassets in Resources */,
				EF044F871EE6A9770000E077 /* Main.storyboard in Resources */,
			);
			runOnlyForDeploymentPostprocessing = 0;
		};
		EF044F901EE6A9770000E077 /* Resources */ = {
			isa = PBXResourcesBuildPhase;
			buildActionMask = 2147483647;
			files = (
			);
			runOnlyForDeploymentPostprocessing = 0;
		};
		EF044F9B1EE6A9770000E077 /* Resources */ = {
			isa = PBXResourcesBuildPhase;
			buildActionMask = 2147483647;
			files = (
			);
			runOnlyForDeploymentPostprocessing = 0;
		};
/* End PBXResourcesBuildPhase section */

/* Begin PBXSourcesBuildPhase section */
		EF044F7A1EE6A9770000E077 /* Sources */ = {
			isa = PBXSourcesBuildPhase;
			buildActionMask = 2147483647;
			files = (
				EF044F841EE6A9770000E077 /* ViewController.swift in Sources */,
				EF044F821EE6A9770000E077 /* AppDelegate.swift in Sources */,
			);
			runOnlyForDeploymentPostprocessing = 0;
		};
		EF044F8E1EE6A9770000E077 /* Sources */ = {
			isa = PBXSourcesBuildPhase;
			buildActionMask = 2147483647;
			files = (
				EF044F971EE6A9770000E077 /* My_First_AppTests.swift in Sources */,
			);
			runOnlyForDeploymentPostprocessing = 0;
		};
		EF044F991EE6A9770000E077 /* Sources */ = {
			isa = PBXSourcesBuildPhase;
			buildActionMask = 2147483647;
			files = (
				EF044FA21EE6A9770000E077 /* My_First_AppUITests.swift in Sources */,
			);
			runOnlyForDeploymentPostprocessing = 0;
		};
/* End PBXSourcesBuildPhase section */

/* Begin PBXTargetDependency section */
		EF044F941EE6A9770000E077 /* PBXTargetDependency */ = {
			isa = PBXTargetDependency;
			target = EF044F7D1EE6A9770000E077 /* My First App */;
			targetProxy = EF044F931EE6A9770000E077 /* PBXContainerItemProxy */;
		};
		EF044F9F1EE6A9770000E077 /* PBXTargetDependency */ = {
			isa = PBXTargetDependency;
			target = EF044F7D1EE6A9770000E077 /* My First App */;
			targetProxy = EF044F9E1EE6A9770000E077 /* PBXContainerItemProxy */;
		};
/* End PBXTargetDependency section */

/* Begin PBXVariantGroup section */
		EF044F851EE6A9770000E077 /* Main.storyboard */ = {
			isa = PBXVariantGroup;
			children = (
				EF044F861EE6A9770000E077 /* Base */,
			);
			name = Main.storyboard;
			sourceTree = "<group>";
		};
		EF044F8A1EE6A9770000E077 /* LaunchScreen.storyboard */ = {
			isa = PBXVariantGroup;
			children = (
				EF044F8B1EE6A9770000E077 /* Base */,
			);
			name = LaunchScreen.storyboard;
			sourceTree = "<group>";
		};
/* End PBXVariantGroup section */

/* Begin XCBuildConfiguration section */
		EF044FA41EE6A9770000E077 /* Debug */ = {
			isa = XCBuildConfiguration;
			buildSettings = {
				ALWAYS_SEARCH_USER_PATHS = NO;
				CLANG_ANALYZER_NONNULL = YES;
				CLANG_ANALYZER_NUMBER_OBJECT_CONVERSION = YES_AGGRESSIVE;
				CLANG_CXX_LANGUAGE_STANDARD = "gnu++14";
				CLANG_CXX_LIBRARY = "libc++";
				CLANG_ENABLE_MODULES = YES;
				CLANG_ENABLE_OBJC_ARC = YES;
				CLANG_WARN_BLOCK_CAPTURE_AUTORELEASING = YES;
				CLANG_WARN_BOOL_CONVERSION = YES;
				CLANG_WARN_COMMA = YES;
				CLANG_WARN_CONSTANT_CONVERSION = YES;
				CLANG_WARN_DIRECT_OBJC_ISA_USAGE = YES_ERROR;
				CLANG_WARN_DOCUMENTATION_COMMENTS = YES;
				CLANG_WARN_EMPTY_BODY = YES;
				CLANG_WARN_ENUM_CONVERSION = YES;
				CLANG_WARN_INFINITE_RECURSION = YES;
				CLANG_WARN_INT_CONVERSION = YES;
				CLANG_WARN_OBJC_ROOT_CLASS = YES_ERROR;
				CLANG_WARN_RANGE_LOOP_ANALYSIS = YES;
				CLANG_WARN_STRICT_PROTOTYPES = YES;
				CLANG_WARN_SUSPICIOUS_MOVE = YES;
				CLANG_WARN_UNGUARDED_AVAILABILITY = YES_AGGRESSIVE;
				CLANG_WARN_UNREACHABLE_CODE = YES;
				CLANG_WARN__DUPLICATE_METHOD_MATCH = YES;
				CODE_SIGN_IDENTITY = "iPhone Developer";
				COPY_PHASE_STRIP = NO;
				DEBUG_INFORMATION_FORMAT = dwarf;
				ENABLE_STRICT_OBJC_MSGSEND = YES;
				ENABLE_TESTABILITY = YES;
				GCC_C_LANGUAGE_STANDARD = gnu11;
				GCC_DYNAMIC_NO_PIC = NO;
				GCC_NO_COMMON_BLOCKS = YES;
				GCC_OPTIMIZATION_LEVEL = 0;
				GCC_PREPROCESSOR_DEFINITIONS = (
					"DEBUG=1",
					"$(inherited)",
				);
				GCC_WARN_64_TO_32_BIT_CONVERSION = YES;
				GCC_WARN_ABOUT_RETURN_TYPE = YES_ERROR;
				GCC_WARN_UNDECLARED_SELECTOR = YES;
				GCC_WARN_UNINITIALIZED_AUTOS = YES_AGGRESSIVE;
				GCC_WARN_UNUSED_FUNCTION = YES;
				GCC_WARN_UNUSED_VARIABLE = YES;
				IPHONEOS_DEPLOYMENT_TARGET = 11.0;
				MTL_ENABLE_DEBUG_INFO = YES;
				ONLY_ACTIVE_ARCH = YES;
				SDKROOT = iphoneos;
				SWIFT_ACTIVE_COMPILATION_CONDITIONS = DEBUG;
				SWIFT_OPTIMIZATION_LEVEL = "-Onone";
			};
			name = Debug;
		};
		EF044FA51EE6A9770000E077 /* Release */ = {
			isa = XCBuildConfiguration;
			buildSettings = {
				ALWAYS_SEARCH_USER_PATHS = NO;
				CLANG_ANALYZER_NONNULL = YES;
				CLANG_ANALYZER_NUMBER_OBJECT_CONVERSION = YES_AGGRESSIVE;
				CLANG_CXX_LANGUAGE_STANDARD = "gnu++14";
				CLANG_CXX_LIBRARY = "libc++";
				CLANG_ENABLE_MODULES = YES;
				CLANG_ENABLE_OBJC_ARC = YES;
				CLANG_WARN_BLOCK_CAPTURE_AUTORELEASING = YES;
				CLANG_WARN_BOOL_CONVERSION = YES;
				CLANG_WARN_COMMA = YES;
				CLANG_WARN_CONSTANT_CONVERSION = YES;
				CLANG_WARN_DIRECT_OBJC_ISA_USAGE = YES_ERROR;
				CLANG_WARN_DOCUMENTATION_COMMENTS = YES;
				CLANG_WARN_EMPTY_BODY = YES;
				CLANG_WARN_ENUM_CONVERSION = YES;
				CLANG_WARN_INFINITE_RECURSION = YES;
				CLANG_WARN_INT_CONVERSION = YES;
				CLANG_WARN_OBJC_ROOT_CLASS = YES_ERROR;
				CLANG_WARN_RANGE_LOOP_ANALYSIS = YES;
				CLANG_WARN_STRICT_PROTOTYPES = YES;
				CLANG_WARN_SUSPICIOUS_MOVE = YES;
				CLANG_WARN_UNGUARDED_AVAILABILITY = YES_AGGRESSIVE;
				CLANG_WARN_UNREACHABLE_CODE = YES;
				CLANG_WARN__DUPLICATE_METHOD_MATCH = YES;
				CODE_SIGN_IDENTITY = "iPhone Developer";
				COPY_PHASE_STRIP = NO;
				DEBUG_INFORMATION_FORMAT = "dwarf-with-dsym";
				ENABLE_NS_ASSERTIONS = NO;
				ENABLE_STRICT_OBJC_MSGSEND = YES;
				GCC_C_LANGUAGE_STANDARD = gnu11;
				GCC_NO_COMMON_BLOCKS = YES;
				GCC_WARN_64_TO_32_BIT_CONVERSION = YES;
				GCC_WARN_ABOUT_RETURN_TYPE = YES_ERROR;
				GCC_WARN_UNDECLARED_SELECTOR = YES;
				GCC_WARN_UNINITIALIZED_AUTOS = YES_AGGRESSIVE;
				GCC_WARN_UNUSED_FUNCTION = YES;
				GCC_WARN_UNUSED_VARIABLE = YES;
				IPHONEOS_DEPLOYMENT_TARGET = 11.0;
				MTL_ENABLE_DEBUG_INFO = NO;
				SDKROOT = iphoneos;
				SWIFT_OPTIMIZATION_LEVEL = "-Owholemodule";
				VALIDATE_PRODUCT = YES;
			};
			name = Release;
		};
		EF044FA71EE6A9770000E077 /* Debug */ = {
			isa = XCBuildConfiguration;
			buildSettings = {
				ASSETCATALOG_COMPILER_APPICON_NAME = AppIcon;
				INFOPLIST_FILE = "My First App/Info.plist";
				LD_RUNPATH_SEARCH_PATHS = "$(inherited) @executable_path/Frameworks";
				PRODUCT_BUNDLE_IDENTIFIER = "com.robpercival.My-First-App";
				PRODUCT_NAME = "$(TARGET_NAME)";
				SWIFT_VERSION = 4.0;
				TARGETED_DEVICE_FAMILY = "1,2";
			};
			name = Debug;
		};
		EF044FA81EE6A9770000E077 /* Release */ = {
			isa = XCBuildConfiguration;
			buildSettings = {
				ASSETCATALOG_COMPILER_APPICON_NAME = AppIcon;
				INFOPLIST_FILE = "My First App/Info.plist";
				LD_RUNPATH_SEARCH_PATHS = "$(inherited) @executable_path/Frameworks";
				PRODUCT_BUNDLE_IDENTIFIER = "com.robpercival.My-First-App";
				PRODUCT_NAME = "$(TARGET_NAME)";
				SWIFT_VERSION = 4.0;
				TARGETED_DEVICE_FAMILY = "1,2";
			};
			name = Release;
		};
		EF044FAA1EE6A9770000E077 /* Debug */ = {
			isa = XCBuildConfiguration;
			buildSettings = {
				ALWAYS_EMBED_SWIFT_STANDARD_LIBRARIES = YES;
				BUNDLE_LOADER = "$(TEST_HOST)";
				INFOPLIST_FILE = "My First AppTests/Info.plist";
				LD_RUNPATH_SEARCH_PATHS = "$(inherited) @executable_path/Frameworks @loader_path/Frameworks";
				PRODUCT_BUNDLE_IDENTIFIER = "com.robpercival.My-First-AppTests";
				PRODUCT_NAME = "$(TARGET_NAME)";
				SWIFT_VERSION = 4.0;
				TARGETED_DEVICE_FAMILY = "1,2";
				TEST_HOST = "$(BUILT_PRODUCTS_DIR)/My First App.app/My First App";
			};
			name = Debug;
		};
		EF044FAB1EE6A9770000E077 /* Release */ = {
			isa = XCBuildConfiguration;
			buildSettings = {
				ALWAYS_EMBED_SWIFT_STANDARD_LIBRARIES = YES;
				BUNDLE_LOADER = "$(TEST_HOST)";
				INFOPLIST_FILE = "My First AppTests/Info.plist";
				LD_RUNPATH_SEARCH_PATHS = "$(inherited) @executable_path/Frameworks @loader_path/Frameworks";
				PRODUCT_BUNDLE_IDENTIFIER = "com.robpercival.My-First-AppTests";
				PRODUCT_NAME = "$(TARGET_NAME)";
				SWIFT_VERSION = 4.0;
				TARGETED_DEVICE_FAMILY = "1,2";
				TEST_HOST = "$(BUILT_PRODUCTS_DIR)/My First App.app/My First App";
			};
			name = Release;
		};
		EF044FAD1EE6A9770000E077 /* Debug */ = {
			isa = XCBuildConfiguration;
			buildSettings = {
				ALWAYS_EMBED_SWIFT_STANDARD_LIBRARIES = YES;
				INFOPLIST_FILE = "My First AppUITests/Info.plist";
				LD_RUNPATH_SEARCH_PATHS = "$(inherited) @executable_path/Frameworks @loader_path/Frameworks";
				PRODUCT_BUNDLE_IDENTIFIER = "com.robpercival.My-First-AppUITests";
				PRODUCT_NAME = "$(TARGET_NAME)";
				SWIFT_VERSION = 4.0;
				TARGETED_DEVICE_FAMILY = "1,2";
				TEST_TARGET_NAME = "My First App";
			};
			name = Debug;
		};
		EF044FAE1EE6A9770000E077 /* Release */ = {
			isa = XCBuildConfiguration;
			buildSettings = {
				ALWAYS_EMBED_SWIFT_STANDARD_LIBRARIES = YES;
				INFOPLIST_FILE = "My First AppUITests/Info.plist";
				LD_RUNPATH_SEARCH_PATHS = "$(inherited) @executable_path/Frameworks @loader_path/Frameworks";
				PRODUCT_BUNDLE_IDENTIFIER = "com.robpercival.My-First-AppUITests";
				PRODUCT_NAME = "$(TARGET_NAME)";
				SWIFT_VERSION = 4.0;
				TARGETED_DEVICE_FAMILY = "1,2";
				TEST_TARGET_NAME = "My First App";
			};
			name = Release;
		};
/* End XCBuildConfiguration section */

/* Begin XCConfigurationList section */
		EF044F791EE6A9770000E077 /* Build configuration list for PBXProject "My First App" */ = {
			isa = XCConfigurationList;
			buildConfigurations = (
				EF044FA41EE6A9770000E077 /* Debug */,
				EF044FA51EE6A9770000E077 /* Release */,
			);
			defaultConfigurationIsVisible = 0;
			defaultConfigurationName = Release;
		};
		EF044FA61EE6A9770000E077 /* Build configuration list for PBXNativeTarget "My First App" */ = {
			isa = XCConfigurationList;
			buildConfigurations = (
				EF044FA71EE6A9770000E077 /* Debug */,
				EF044FA81EE6A9770000E077 /* Release */,
			);
			defaultConfigurationIsVisible = 0;
		};
		EF044FA91EE6A9770000E077 /* Build configuration list for PBXNativeTarget "My First AppTests" */ = {
			isa = XCConfigurationList;
			buildConfigurations = (
				EF044FAA1EE6A9770000E077 /* Debug */,
				EF044FAB1EE6A9770000E077 /* Release */,
			);
			defaultConfigurationIsVisible = 0;
		};
		EF044FAC1EE6A9770000E077 /* Build configuration list for PBXNativeTarget "My First AppUITests" */ = {
			isa = XCConfigurationList;
			buildConfigurations = (
				EF044FAD1EE6A9770000E077 /* Debug */,
				EF044FAE1EE6A9770000E077 /* Release */,
			);
			defaultConfigurationIsVisible = 0;
		};
/* End XCConfigurationList section */
	};
	rootObject = EF044F761EE6A9770000E077 /* Project object */;
}
